// !$*UTF8*$!
{
	archiveVersion = 1;
	classes = {
	};
	objectVersion = 46;
	objects = {

/* Begin PBXBuildFile section */
		1920ECDCFBDFD78A4E7BBF45 /* Pods_ARFlightTracker_iOS_SwiftUITests.framework in Frameworks */ = {isa = PBXBuildFile; fileRef = 38FA5E4EB98C1988E9A0EABA /* Pods_ARFlightTracker_iOS_SwiftUITests.framework */; };
		19F979A1D99D6C5FB4C1E9F1 /* Pods_ARFlightTracker_iOS_Swift.framework in Frameworks */ = {isa = PBXBuildFile; fileRef = 1EA87F3DA9726EF910F054E8 /* Pods_ARFlightTracker_iOS_Swift.framework */; };
		B418D6551EE63ADE001352D4 /* ARKitConfig.m in Sources */ = {isa = PBXBuildFile; fileRef = B418D6461EE63ADE001352D4 /* ARKitConfig.m */; };
		B418D6561EE63ADE001352D4 /* ARKitEngine.m in Sources */ = {isa = PBXBuildFile; fileRef = B418D6481EE63ADE001352D4 /* ARKitEngine.m */; };
		B418D6571EE63ADE001352D4 /* LocalizationHelper.m in Sources */ = {isa = PBXBuildFile; fileRef = B418D64C1EE63ADE001352D4 /* LocalizationHelper.m */; };
		B418D6581EE63ADE001352D4 /* ARGeoCoordinate.m in Sources */ = {isa = PBXBuildFile; fileRef = B418D64F1EE63ADE001352D4 /* ARGeoCoordinate.m */; };
		B418D6591EE63ADE001352D4 /* ARObjectView.m in Sources */ = {isa = PBXBuildFile; fileRef = B418D6521EE63ADE001352D4 /* ARObjectView.m */; };
		B418D65A1EE63ADE001352D4 /* RadarView.m in Sources */ = {isa = PBXBuildFile; fileRef = B418D6541EE63ADE001352D4 /* RadarView.m */; };
		B418D65C1EE63B10001352D4 /* ARFlightConfiguration.swift in Sources */ = {isa = PBXBuildFile; fileRef = B418D65B1EE63B10001352D4 /* ARFlightConfiguration.swift */; };
		B418D65F1EE63B2F001352D4 /* FlightCalloutView.swift in Sources */ = {isa = PBXBuildFile; fileRef = B418D65D1EE63B2F001352D4 /* FlightCalloutView.swift */; };
		B418D6601EE63B2F001352D4 /* FlightCalloutView.xib in Resources */ = {isa = PBXBuildFile; fileRef = B418D65E1EE63B2F001352D4 /* FlightCalloutView.xib */; };
		B418D6631EE63B58001352D4 /* ARViewHelper.swift in Sources */ = {isa = PBXBuildFile; fileRef = B418D6611EE63B58001352D4 /* ARViewHelper.swift */; };
		B418D6641EE63B58001352D4 /* MQTTConnection.swift in Sources */ = {isa = PBXBuildFile; fileRef = B418D6621EE63B58001352D4 /* MQTTConnection.swift */; };
		B418D66A1EE63BC1001352D4 /* box.png in Resources */ = {isa = PBXBuildFile; fileRef = B418D6651EE63BC1001352D4 /* box.png */; };
		B418D66B1EE63BC1001352D4 /* bubble.png in Resources */ = {isa = PBXBuildFile; fileRef = B418D6661EE63BC1001352D4 /* bubble.png */; };
		B418D66C1EE63BC1001352D4 /* plane.png in Resources */ = {isa = PBXBuildFile; fileRef = B418D6671EE63BC1001352D4 /* plane.png */; };
		B418D66D1EE63BC1001352D4 /* radar_dot.png in Resources */ = {isa = PBXBuildFile; fileRef = B418D6681EE63BC1001352D4 /* radar_dot.png */; };
		B418D66E1EE63BC1001352D4 /* radar.png in Resources */ = {isa = PBXBuildFile; fileRef = B418D6691EE63BC1001352D4 /* radar.png */; };
		B418D6741EE63BF9001352D4 /* ARFlightAnnotationCustom.swift in Sources */ = {isa = PBXBuildFile; fileRef = B418D66F1EE63BF9001352D4 /* ARFlightAnnotationCustom.swift */; };
		B418D6751EE63BF9001352D4 /* ARFlightAnnotationView.swift in Sources */ = {isa = PBXBuildFile; fileRef = B418D6701EE63BF9001352D4 /* ARFlightAnnotationView.swift */; };
		B418D6761EE63BF9001352D4 /* FlightBubble.swift in Sources */ = {isa = PBXBuildFile; fileRef = B418D6711EE63BF9001352D4 /* FlightBubble.swift */; };
		B418D6771EE63BF9001352D4 /* MarkerView.m in Sources */ = {isa = PBXBuildFile; fileRef = B418D6731EE63BF9001352D4 /* MarkerView.m */; };
		B418D67C1EE63C2E001352D4 /* ARFlightViewController_v1.swift in Sources */ = {isa = PBXBuildFile; fileRef = B418D6781EE63C2E001352D4 /* ARFlightViewController_v1.swift */; };
		B418D67D1EE63C2E001352D4 /* ARFlightViewController.swift in Sources */ = {isa = PBXBuildFile; fileRef = B418D6791EE63C2E001352D4 /* ARFlightViewController.swift */; };
		B418D67E1EE63C2E001352D4 /* ARTrackingManager.swift in Sources */ = {isa = PBXBuildFile; fileRef = B418D67A1EE63C2E001352D4 /* ARTrackingManager.swift */; };
		B418D67F1EE63C2E001352D4 /* FlightMapViewController.swift in Sources */ = {isa = PBXBuildFile; fileRef = B418D67B1EE63C2E001352D4 /* FlightMapViewController.swift */; };
		B418D6841EE63C67001352D4 /* ARFlightAnnotation.swift in Sources */ = {isa = PBXBuildFile; fileRef = B418D6801EE63C67001352D4 /* ARFlightAnnotation.swift */; };
		B418D6851EE63C67001352D4 /* FlightAnnotation.swift in Sources */ = {isa = PBXBuildFile; fileRef = B418D6811EE63C67001352D4 /* FlightAnnotation.swift */; };
		B418D6861EE63C67001352D4 /* FlightInfo.swift in Sources */ = {isa = PBXBuildFile; fileRef = B418D6821EE63C67001352D4 /* FlightInfo.swift */; };
		B418D6871EE63C67001352D4 /* TestFlights.json in Resources */ = {isa = PBXBuildFile; fileRef = B418D6831EE63C67001352D4 /* TestFlights.json */; };
		B418D68A1EE63C88001352D4 /* AppDelegate.swift in Sources */ = {isa = PBXBuildFile; fileRef = B418D6881EE63C88001352D4 /* AppDelegate.swift */; };
		B418D68B1EE63C88001352D4 /* ViewController.swift in Sources */ = {isa = PBXBuildFile; fileRef = B418D6891EE63C88001352D4 /* ViewController.swift */; };
		B418D68E1EE63C9C001352D4 /* Info.plist in Resources */ = {isa = PBXBuildFile; fileRef = B418D68D1EE63C9C001352D4 /* Info.plist */; };
		B418D6901EE63D7E001352D4 /* compass.png in Resources */ = {isa = PBXBuildFile; fileRef = B418D68F1EE63D7E001352D4 /* compass.png */; };
		B418D6921EE63E5F001352D4 /* close.png in Resources */ = {isa = PBXBuildFile; fileRef = B418D6911EE63E5F001352D4 /* close.png */; };
		B418D6951EE64217001352D4 /* ARAnnotation.swift in Sources */ = {isa = PBXBuildFile; fileRef = B418D6931EE64217001352D4 /* ARAnnotation.swift */; };
		B418D6961EE64217001352D4 /* ARAnnotationView.swift in Sources */ = {isa = PBXBuildFile; fileRef = B418D6941EE64217001352D4 /* ARAnnotationView.swift */; };
		B418D6991EE642E4001352D4 /* FlightBubbleV1.swift in Sources */ = {isa = PBXBuildFile; fileRef = B418D6971EE642E4001352D4 /* FlightBubbleV1.swift */; };
		B418D69A1EE642E4001352D4 /* FlightBubbleV1.xib in Resources */ = {isa = PBXBuildFile; fileRef = B418D6981EE642E4001352D4 /* FlightBubbleV1.xib */; };
		B418D6A31EE64477001352D4 /* Main.storyboard in Resources */ = {isa = PBXBuildFile; fileRef = B418D6A11EE64477001352D4 /* Main.storyboard */; };
		B418D6A51EE6449B001352D4 /* Assets.xcassets in Resources */ = {isa = PBXBuildFile; fileRef = B418D6A41EE6449B001352D4 /* Assets.xcassets */; };
		B455F5DB1DDE7F97007EFF11 /* Security.framework in Frameworks */ = {isa = PBXBuildFile; fileRef = B455F5D91DDE7F08007EFF11 /* Security.framework */; };
		B4C0E4251E8472FD002583D4 /* RestCall.swift in Sources */ = {isa = PBXBuildFile; fileRef = B4C0E4241E8472FD002583D4 /* RestCall.swift */; };
		D00CE1159955B2D3A33B450B /* Pods_ARFlightTracker_iOS_SwiftTests.framework in Frameworks */ = {isa = PBXBuildFile; fileRef = C8BA9B4CC212ACF42FC0C016 /* Pods_ARFlightTracker_iOS_SwiftTests.framework */; };
/* End PBXBuildFile section */

/* Begin PBXContainerItemProxy section */
		B42290031DDA7C8E008292C7 /* PBXContainerItemProxy */ = {
			isa = PBXContainerItemProxy;
			containerPortal = B4228FE61DDA7C8E008292C7 /* Project object */;
			proxyType = 1;
			remoteGlobalIDString = B4228FED1DDA7C8E008292C7;
			remoteInfo = IBMFlightTracker;
		};
		B422900E1DDA7C8E008292C7 /* PBXContainerItemProxy */ = {
			isa = PBXContainerItemProxy;
			containerPortal = B4228FE61DDA7C8E008292C7 /* Project object */;
			proxyType = 1;
			remoteGlobalIDString = B4228FED1DDA7C8E008292C7;
			remoteInfo = IBMFlightTracker;
		};
/* End PBXContainerItemProxy section */

/* Begin PBXFileReference section */
		0B8A71EF84D30DCB51FEEF5F /* Pods-ARFlightTracker-iOS-SwiftTests.release.xcconfig */ = {isa = PBXFileReference; includeInIndex = 1; lastKnownFileType = text.xcconfig; name = "Pods-ARFlightTracker-iOS-SwiftTests.release.xcconfig"; path = "Pods/Target Support Files/Pods-ARFlightTracker-iOS-SwiftTests/Pods-ARFlightTracker-iOS-SwiftTests.release.xcconfig"; sourceTree = "<group>"; };
		160F276DA18D45FFD5B499A6 /* Pods-ARFlightTracker-iOS-Swift.debug.xcconfig */ = {isa = PBXFileReference; includeInIndex = 1; lastKnownFileType = text.xcconfig; name = "Pods-ARFlightTracker-iOS-Swift.debug.xcconfig"; path = "Pods/Target Support Files/Pods-ARFlightTracker-iOS-Swift/Pods-ARFlightTracker-iOS-Swift.debug.xcconfig"; sourceTree = "<group>"; };
		1A33554B0AB1B8EA986C9300 /* Pods-ARFlightTracker-iOS-Swift.release.xcconfig */ = {isa = PBXFileReference; includeInIndex = 1; lastKnownFileType = text.xcconfig; name = "Pods-ARFlightTracker-iOS-Swift.release.xcconfig"; path = "Pods/Target Support Files/Pods-ARFlightTracker-iOS-Swift/Pods-ARFlightTracker-iOS-Swift.release.xcconfig"; sourceTree = "<group>"; };
		1EA87F3DA9726EF910F054E8 /* Pods_ARFlightTracker_iOS_Swift.framework */ = {isa = PBXFileReference; explicitFileType = wrapper.framework; includeInIndex = 0; path = Pods_ARFlightTracker_iOS_Swift.framework; sourceTree = BUILT_PRODUCTS_DIR; };
		38FA5E4EB98C1988E9A0EABA /* Pods_ARFlightTracker_iOS_SwiftUITests.framework */ = {isa = PBXFileReference; explicitFileType = wrapper.framework; includeInIndex = 0; path = Pods_ARFlightTracker_iOS_SwiftUITests.framework; sourceTree = BUILT_PRODUCTS_DIR; };
		5928EBD77E1311FECC44E73B /* Pods-ARFlightTracker-iOS-SwiftTests.debug.xcconfig */ = {isa = PBXFileReference; includeInIndex = 1; lastKnownFileType = text.xcconfig; name = "Pods-ARFlightTracker-iOS-SwiftTests.debug.xcconfig"; path = "Pods/Target Support Files/Pods-ARFlightTracker-iOS-SwiftTests/Pods-ARFlightTracker-iOS-SwiftTests.debug.xcconfig"; sourceTree = "<group>"; };
		B418D6441EE63ADE001352D4 /* ARKit.h */ = {isa = PBXFileReference; fileEncoding = 4; lastKnownFileType = sourcecode.c.h; path = ARKit.h; sourceTree = "<group>"; };
		B418D6451EE63ADE001352D4 /* ARKitConfig.h */ = {isa = PBXFileReference; fileEncoding = 4; lastKnownFileType = sourcecode.c.h; path = ARKitConfig.h; sourceTree = "<group>"; };
		B418D6461EE63ADE001352D4 /* ARKitConfig.m */ = {isa = PBXFileReference; fileEncoding = 4; lastKnownFileType = sourcecode.c.objc; path = ARKitConfig.m; sourceTree = "<group>"; };
		B418D6471EE63ADE001352D4 /* ARKitEngine.h */ = {isa = PBXFileReference; fileEncoding = 4; lastKnownFileType = sourcecode.c.h; path = ARKitEngine.h; sourceTree = "<group>"; };
		B418D6481EE63ADE001352D4 /* ARKitEngine.m */ = {isa = PBXFileReference; fileEncoding = 4; lastKnownFileType = sourcecode.c.objc; path = ARKitEngine.m; sourceTree = "<group>"; };
		B418D6491EE63ADE001352D4 /* ARViewDelegate.h */ = {isa = PBXFileReference; fileEncoding = 4; lastKnownFileType = sourcecode.c.h; path = ARViewDelegate.h; sourceTree = "<group>"; };
		B418D64A1EE63ADE001352D4 /* LocalizationDelegate.h */ = {isa = PBXFileReference; fileEncoding = 4; lastKnownFileType = sourcecode.c.h; path = LocalizationDelegate.h; sourceTree = "<group>"; };
		B418D64B1EE63ADE001352D4 /* LocalizationHelper.h */ = {isa = PBXFileReference; fileEncoding = 4; lastKnownFileType = sourcecode.c.h; path = LocalizationHelper.h; sourceTree = "<group>"; };
		B418D64C1EE63ADE001352D4 /* LocalizationHelper.m */ = {isa = PBXFileReference; fileEncoding = 4; lastKnownFileType = sourcecode.c.objc; path = LocalizationHelper.m; sourceTree = "<group>"; };
		B418D64E1EE63ADE001352D4 /* ARGeoCoordinate.h */ = {isa = PBXFileReference; fileEncoding = 4; lastKnownFileType = sourcecode.c.h; path = ARGeoCoordinate.h; sourceTree = "<group>"; };
		B418D64F1EE63ADE001352D4 /* ARGeoCoordinate.m */ = {isa = PBXFileReference; fileEncoding = 4; lastKnownFileType = sourcecode.c.objc; path = ARGeoCoordinate.m; sourceTree = "<group>"; };
		B418D6511EE63ADE001352D4 /* ARObjectView.h */ = {isa = PBXFileReference; fileEncoding = 4; lastKnownFileType = sourcecode.c.h; path = ARObjectView.h; sourceTree = "<group>"; };
		B418D6521EE63ADE001352D4 /* ARObjectView.m */ = {isa = PBXFileReference; fileEncoding = 4; lastKnownFileType = sourcecode.c.objc; path = ARObjectView.m; sourceTree = "<group>"; };
		B418D6531EE63ADE001352D4 /* RadarView.h */ = {isa = PBXFileReference; fileEncoding = 4; lastKnownFileType = sourcecode.c.h; path = RadarView.h; sourceTree = "<group>"; };
		B418D6541EE63ADE001352D4 /* RadarView.m */ = {isa = PBXFileReference; fileEncoding = 4; lastKnownFileType = sourcecode.c.objc; path = RadarView.m; sourceTree = "<group>"; };
		B418D65B1EE63B10001352D4 /* ARFlightConfiguration.swift */ = {isa = PBXFileReference; fileEncoding = 4; lastKnownFileType = sourcecode.swift; name = ARFlightConfiguration.swift; path = "ARFlightTracker-iOS-Swift/ARFlightConfiguration.swift"; sourceTree = SOURCE_ROOT; };
		B418D65D1EE63B2F001352D4 /* FlightCalloutView.swift */ = {isa = PBXFileReference; fileEncoding = 4; lastKnownFileType = sourcecode.swift; name = FlightCalloutView.swift; path = "ARFlightTracker-iOS-Swift/FlightCalloutView.swift"; sourceTree = SOURCE_ROOT; };
		B418D65E1EE63B2F001352D4 /* FlightCalloutView.xib */ = {isa = PBXFileReference; fileEncoding = 4; lastKnownFileType = file.xib; name = FlightCalloutView.xib; path = "ARFlightTracker-iOS-Swift/FlightCalloutView.xib"; sourceTree = SOURCE_ROOT; };
		B418D6611EE63B58001352D4 /* ARViewHelper.swift */ = {isa = PBXFileReference; fileEncoding = 4; lastKnownFileType = sourcecode.swift; name = ARViewHelper.swift; path = "ARFlightTracker-iOS-Swift/ARViewHelper.swift"; sourceTree = SOURCE_ROOT; };
		B418D6621EE63B58001352D4 /* MQTTConnection.swift */ = {isa = PBXFileReference; fileEncoding = 4; lastKnownFileType = sourcecode.swift; name = MQTTConnection.swift; path = "ARFlightTracker-iOS-Swift/MQTTConnection.swift"; sourceTree = SOURCE_ROOT; };
		B418D6651EE63BC1001352D4 /* box.png */ = {isa = PBXFileReference; lastKnownFileType = image.png; name = box.png; path = "ARFlightTracker-iOS-Swift/box.png"; sourceTree = SOURCE_ROOT; };
		B418D6661EE63BC1001352D4 /* bubble.png */ = {isa = PBXFileReference; lastKnownFileType = image.png; name = bubble.png; path = "ARFlightTracker-iOS-Swift/bubble.png"; sourceTree = SOURCE_ROOT; };
		B418D6671EE63BC1001352D4 /* plane.png */ = {isa = PBXFileReference; lastKnownFileType = image.png; name = plane.png; path = "ARFlightTracker-iOS-Swift/plane.png"; sourceTree = SOURCE_ROOT; };
		B418D6681EE63BC1001352D4 /* radar_dot.png */ = {isa = PBXFileReference; lastKnownFileType = image.png; name = radar_dot.png; path = "ARFlightTracker-iOS-Swift/radar_dot.png"; sourceTree = SOURCE_ROOT; };
		B418D6691EE63BC1001352D4 /* radar.png */ = {isa = PBXFileReference; lastKnownFileType = image.png; name = radar.png; path = "ARFlightTracker-iOS-Swift/radar.png"; sourceTree = SOURCE_ROOT; };
		B418D66F1EE63BF9001352D4 /* ARFlightAnnotationCustom.swift */ = {isa = PBXFileReference; fileEncoding = 4; lastKnownFileType = sourcecode.swift; name = ARFlightAnnotationCustom.swift; path = "ARFlightTracker-iOS-Swift/ARFlightAnnotationCustom.swift"; sourceTree = SOURCE_ROOT; };
		B418D6701EE63BF9001352D4 /* ARFlightAnnotationView.swift */ = {isa = PBXFileReference; fileEncoding = 4; lastKnownFileType = sourcecode.swift; name = ARFlightAnnotationView.swift; path = "ARFlightTracker-iOS-Swift/ARFlightAnnotationView.swift"; sourceTree = SOURCE_ROOT; };
		B418D6711EE63BF9001352D4 /* FlightBubble.swift */ = {isa = PBXFileReference; fileEncoding = 4; lastKnownFileType = sourcecode.swift; name = FlightBubble.swift; path = "ARFlightTracker-iOS-Swift/FlightBubble.swift"; sourceTree = SOURCE_ROOT; };
		B418D6721EE63BF9001352D4 /* MarkerView.h */ = {isa = PBXFileReference; fileEncoding = 4; lastKnownFileType = sourcecode.c.h; name = MarkerView.h; path = "ARFlightTracker-iOS-Swift/MarkerView.h"; sourceTree = SOURCE_ROOT; };
		B418D6731EE63BF9001352D4 /* MarkerView.m */ = {isa = PBXFileReference; fileEncoding = 4; lastKnownFileType = sourcecode.c.objc; name = MarkerView.m; path = "ARFlightTracker-iOS-Swift/MarkerView.m"; sourceTree = SOURCE_ROOT; };
		B418D6781EE63C2E001352D4 /* ARFlightViewController_v1.swift */ = {isa = PBXFileReference; fileEncoding = 4; lastKnownFileType = sourcecode.swift; name = ARFlightViewController_v1.swift; path = "ARFlightTracker-iOS-Swift/ARFlightViewController_v1.swift"; sourceTree = SOURCE_ROOT; };
		B418D6791EE63C2E001352D4 /* ARFlightViewController.swift */ = {isa = PBXFileReference; fileEncoding = 4; lastKnownFileType = sourcecode.swift; name = ARFlightViewController.swift; path = "ARFlightTracker-iOS-Swift/ARFlightViewController.swift"; sourceTree = SOURCE_ROOT; };
		B418D67A1EE63C2E001352D4 /* ARTrackingManager.swift */ = {isa = PBXFileReference; fileEncoding = 4; lastKnownFileType = sourcecode.swift; name = ARTrackingManager.swift; path = "ARFlightTracker-iOS-Swift/ARTrackingManager.swift"; sourceTree = SOURCE_ROOT; };
		B418D67B1EE63C2E001352D4 /* FlightMapViewController.swift */ = {isa = PBXFileReference; fileEncoding = 4; lastKnownFileType = sourcecode.swift; name = FlightMapViewController.swift; path = "ARFlightTracker-iOS-Swift/FlightMapViewController.swift"; sourceTree = SOURCE_ROOT; };
		B418D6801EE63C67001352D4 /* ARFlightAnnotation.swift */ = {isa = PBXFileReference; fileEncoding = 4; lastKnownFileType = sourcecode.swift; name = ARFlightAnnotation.swift; path = "ARFlightTracker-iOS-Swift/ARFlightAnnotation.swift"; sourceTree = SOURCE_ROOT; };
		B418D6811EE63C67001352D4 /* FlightAnnotation.swift */ = {isa = PBXFileReference; fileEncoding = 4; lastKnownFileType = sourcecode.swift; name = FlightAnnotation.swift; path = "ARFlightTracker-iOS-Swift/FlightAnnotation.swift"; sourceTree = SOURCE_ROOT; };
		B418D6821EE63C67001352D4 /* FlightInfo.swift */ = {isa = PBXFileReference; fileEncoding = 4; lastKnownFileType = sourcecode.swift; name = FlightInfo.swift; path = "ARFlightTracker-iOS-Swift/FlightInfo.swift"; sourceTree = SOURCE_ROOT; };
		B418D6831EE63C67001352D4 /* TestFlights.json */ = {isa = PBXFileReference; fileEncoding = 4; lastKnownFileType = text.json; name = TestFlights.json; path = "ARFlightTracker-iOS-Swift/TestFlights.json"; sourceTree = SOURCE_ROOT; };
		B418D6881EE63C88001352D4 /* AppDelegate.swift */ = {isa = PBXFileReference; fileEncoding = 4; lastKnownFileType = sourcecode.swift; name = AppDelegate.swift; path = "ARFlightTracker-iOS-Swift/AppDelegate.swift"; sourceTree = SOURCE_ROOT; };
		B418D6891EE63C88001352D4 /* ViewController.swift */ = {isa = PBXFileReference; fileEncoding = 4; lastKnownFileType = sourcecode.swift; name = ViewController.swift; path = "ARFlightTracker-iOS-Swift/ViewController.swift"; sourceTree = SOURCE_ROOT; };
		B418D68C1EE63C9C001352D4 /* IBMFlightTracker-Bridging-Header.h */ = {isa = PBXFileReference; fileEncoding = 4; lastKnownFileType = sourcecode.c.h; name = "IBMFlightTracker-Bridging-Header.h"; path = "ARFlightTracker-iOS-Swift/IBMFlightTracker-Bridging-Header.h"; sourceTree = SOURCE_ROOT; };
		B418D68D1EE63C9C001352D4 /* Info.plist */ = {isa = PBXFileReference; fileEncoding = 4; lastKnownFileType = text.plist.xml; name = Info.plist; path = "ARFlightTracker-iOS-Swift/Info.plist"; sourceTree = SOURCE_ROOT; };
		B418D68F1EE63D7E001352D4 /* compass.png */ = {isa = PBXFileReference; lastKnownFileType = image.png; path = compass.png; sourceTree = SOURCE_ROOT; };
		B418D6911EE63E5F001352D4 /* close.png */ = {isa = PBXFileReference; lastKnownFileType = image.png; path = close.png; sourceTree = SOURCE_ROOT; };
		B418D6931EE64217001352D4 /* ARAnnotation.swift */ = {isa = PBXFileReference; fileEncoding = 4; lastKnownFileType = sourcecode.swift; name = ARAnnotation.swift; path = "ARFlightTracker-iOS-Swift/ARAnnotation.swift"; sourceTree = SOURCE_ROOT; };
		B418D6941EE64217001352D4 /* ARAnnotationView.swift */ = {isa = PBXFileReference; fileEncoding = 4; lastKnownFileType = sourcecode.swift; name = ARAnnotationView.swift; path = "ARFlightTracker-iOS-Swift/ARAnnotationView.swift"; sourceTree = SOURCE_ROOT; };
		B418D6971EE642E4001352D4 /* FlightBubbleV1.swift */ = {isa = PBXFileReference; fileEncoding = 4; lastKnownFileType = sourcecode.swift; path = FlightBubbleV1.swift; sourceTree = SOURCE_ROOT; };
		B418D6981EE642E4001352D4 /* FlightBubbleV1.xib */ = {isa = PBXFileReference; fileEncoding = 4; lastKnownFileType = file.xib; path = FlightBubbleV1.xib; sourceTree = SOURCE_ROOT; };
		B418D6A21EE64477001352D4 /* Base */ = {isa = PBXFileReference; lastKnownFileType = file.storyboard; name = Base; path = "ARFlightTracker-iOS-Swift/Base.lproj/Main.storyboard"; sourceTree = SOURCE_ROOT; };
		B418D6A41EE6449B001352D4 /* Assets.xcassets */ = {isa = PBXFileReference; lastKnownFileType = folder.assetcatalog; name = Assets.xcassets; path = "ARFlightTracker-iOS-Swift/Assets.xcassets"; sourceTree = SOURCE_ROOT; };
		B4228FEE1DDA7C8E008292C7 /* ARFlightTracker-iOS-Swift.app */ = {isa = PBXFileReference; explicitFileType = wrapper.application; includeInIndex = 0; path = "ARFlightTracker-iOS-Swift.app"; sourceTree = BUILT_PRODUCTS_DIR; };
		B42290021DDA7C8E008292C7 /* ARFlightTracker-iOS-SwiftTests.xctest */ = {isa = PBXFileReference; explicitFileType = wrapper.cfbundle; includeInIndex = 0; path = "ARFlightTracker-iOS-SwiftTests.xctest"; sourceTree = BUILT_PRODUCTS_DIR; };
		B422900D1DDA7C8E008292C7 /* ARFlightTracker-iOS-SwiftUITests.xctest */ = {isa = PBXFileReference; explicitFileType = wrapper.cfbundle; includeInIndex = 0; path = "ARFlightTracker-iOS-SwiftUITests.xctest"; sourceTree = BUILT_PRODUCTS_DIR; };
		B455F5D91DDE7F08007EFF11 /* Security.framework */ = {isa = PBXFileReference; lastKnownFileType = wrapper.framework; name = Security.framework; path = System/Library/Frameworks/Security.framework; sourceTree = SDKROOT; };
		B455F5DC1DDE7FC0007EFF11 /* XCTest.framework */ = {isa = PBXFileReference; lastKnownFileType = wrapper.framework; name = XCTest.framework; path = Platforms/iPhoneOS.platform/Developer/Library/Frameworks/XCTest.framework; sourceTree = DEVELOPER_DIR; };
		B4C0E4241E8472FD002583D4 /* RestCall.swift */ = {isa = PBXFileReference; fileEncoding = 4; lastKnownFileType = sourcecode.swift; name = RestCall.swift; path = "ARFlightTracker-iOS-Swift/RestCall.swift"; sourceTree = SOURCE_ROOT; };
		C8BA9B4CC212ACF42FC0C016 /* Pods_ARFlightTracker_iOS_SwiftTests.framework */ = {isa = PBXFileReference; explicitFileType = wrapper.framework; includeInIndex = 0; path = Pods_ARFlightTracker_iOS_SwiftTests.framework; sourceTree = BUILT_PRODUCTS_DIR; };
		CCB76407CA4294F98F54CA45 /* Pods-ARFlightTracker-iOS-SwiftUITests.debug.xcconfig */ = {isa = PBXFileReference; includeInIndex = 1; lastKnownFileType = text.xcconfig; name = "Pods-ARFlightTracker-iOS-SwiftUITests.debug.xcconfig"; path = "Pods/Target Support Files/Pods-ARFlightTracker-iOS-SwiftUITests/Pods-ARFlightTracker-iOS-SwiftUITests.debug.xcconfig"; sourceTree = "<group>"; };
		E8EE58532D03584EA8F2CAE4 /* Pods-ARFlightTracker-iOS-SwiftUITests.release.xcconfig */ = {isa = PBXFileReference; includeInIndex = 1; lastKnownFileType = text.xcconfig; name = "Pods-ARFlightTracker-iOS-SwiftUITests.release.xcconfig"; path = "Pods/Target Support Files/Pods-ARFlightTracker-iOS-SwiftUITests/Pods-ARFlightTracker-iOS-SwiftUITests.release.xcconfig"; sourceTree = "<group>"; };
/* End PBXFileReference section */

/* Begin PBXFrameworksBuildPhase section */
		B4228FEB1DDA7C8E008292C7 /* Frameworks */ = {
			isa = PBXFrameworksBuildPhase;
			buildActionMask = 2147483647;
			files = (
				B455F5DB1DDE7F97007EFF11 /* Security.framework in Frameworks */,
				19F979A1D99D6C5FB4C1E9F1 /* Pods_ARFlightTracker_iOS_Swift.framework in Frameworks */,
			);
			runOnlyForDeploymentPostprocessing = 0;
		};
		B4228FFF1DDA7C8E008292C7 /* Frameworks */ = {
			isa = PBXFrameworksBuildPhase;
			buildActionMask = 2147483647;
			files = (
				D00CE1159955B2D3A33B450B /* Pods_ARFlightTracker_iOS_SwiftTests.framework in Frameworks */,
			);
			runOnlyForDeploymentPostprocessing = 0;
		};
		B422900A1DDA7C8E008292C7 /* Frameworks */ = {
			isa = PBXFrameworksBuildPhase;
			buildActionMask = 2147483647;
			files = (
				1920ECDCFBDFD78A4E7BBF45 /* Pods_ARFlightTracker_iOS_SwiftUITests.framework in Frameworks */,
			);
			runOnlyForDeploymentPostprocessing = 0;
		};
/* End PBXFrameworksBuildPhase section */

/* Begin PBXGroup section */
		0656CBEEED29F68DB0EFEB54 /* Pods */ = {
			isa = PBXGroup;
			children = (
				160F276DA18D45FFD5B499A6 /* Pods-ARFlightTracker-iOS-Swift.debug.xcconfig */,
				1A33554B0AB1B8EA986C9300 /* Pods-ARFlightTracker-iOS-Swift.release.xcconfig */,
				5928EBD77E1311FECC44E73B /* Pods-ARFlightTracker-iOS-SwiftTests.debug.xcconfig */,
				0B8A71EF84D30DCB51FEEF5F /* Pods-ARFlightTracker-iOS-SwiftTests.release.xcconfig */,
				CCB76407CA4294F98F54CA45 /* Pods-ARFlightTracker-iOS-SwiftUITests.debug.xcconfig */,
				E8EE58532D03584EA8F2CAE4 /* Pods-ARFlightTracker-iOS-SwiftUITests.release.xcconfig */,
			);
			name = Pods;
			sourceTree = "<group>";
		};
		B418D6431EE63ADE001352D4 /* ARKit */ = {
			isa = PBXGroup;
			children = (
				B418D6441EE63ADE001352D4 /* ARKit.h */,
				B418D6451EE63ADE001352D4 /* ARKitConfig.h */,
				B418D6461EE63ADE001352D4 /* ARKitConfig.m */,
				B418D6471EE63ADE001352D4 /* ARKitEngine.h */,
				B418D6481EE63ADE001352D4 /* ARKitEngine.m */,
				B418D6491EE63ADE001352D4 /* ARViewDelegate.h */,
				B418D64A1EE63ADE001352D4 /* LocalizationDelegate.h */,
				B418D64B1EE63ADE001352D4 /* LocalizationHelper.h */,
				B418D64C1EE63ADE001352D4 /* LocalizationHelper.m */,
				B418D64D1EE63ADE001352D4 /* Model */,
				B418D6501EE63ADE001352D4 /* View */,
			);
			name = ARKit;
			path = "ARFlightTracker-iOS-Swift/ARKit";
			sourceTree = SOURCE_ROOT;
		};
		B418D64D1EE63ADE001352D4 /* Model */ = {
			isa = PBXGroup;
			children = (
				B418D64E1EE63ADE001352D4 /* ARGeoCoordinate.h */,
				B418D64F1EE63ADE001352D4 /* ARGeoCoordinate.m */,
			);
			path = Model;
			sourceTree = "<group>";
		};
		B418D6501EE63ADE001352D4 /* View */ = {
			isa = PBXGroup;
			children = (
				B418D6511EE63ADE001352D4 /* ARObjectView.h */,
				B418D6521EE63ADE001352D4 /* ARObjectView.m */,
				B418D6531EE63ADE001352D4 /* RadarView.h */,
				B418D6541EE63ADE001352D4 /* RadarView.m */,
			);
			path = View;
			sourceTree = "<group>";
		};
		B4228FE51DDA7C8E008292C7 = {
			isa = PBXGroup;
			children = (
				B4228FF01DDA7C8E008292C7 /* ARFlightTracker-iOS-Swift */,
				B42290051DDA7C8E008292C7 /* ARFlightTracker-iOS-SwiftTests */,
				B42290101DDA7C8E008292C7 /* ARFlightTracker-iOS-SwiftUITests */,
				B4228FEF1DDA7C8E008292C7 /* Products */,
				C058C9C65A06B3F7A4E4B393 /* Frameworks */,
				0656CBEEED29F68DB0EFEB54 /* Pods */,
			);
			sourceTree = "<group>";
		};
		B4228FEF1DDA7C8E008292C7 /* Products */ = {
			isa = PBXGroup;
			children = (
				B4228FEE1DDA7C8E008292C7 /* ARFlightTracker-iOS-Swift.app */,
				B42290021DDA7C8E008292C7 /* ARFlightTracker-iOS-SwiftTests.xctest */,
				B422900D1DDA7C8E008292C7 /* ARFlightTracker-iOS-SwiftUITests.xctest */,
			);
			name = Products;
			sourceTree = "<group>";
		};
		B4228FF01DDA7C8E008292C7 /* ARFlightTracker-iOS-Swift */ = {
			isa = PBXGroup;
			children = (
				B418D6431EE63ADE001352D4 /* ARKit */,
				B46C661A1DF6005300D3FD12 /* config */,
				B45FBB071DE65DC300DF2708 /* callout */,
				B42290331DDE53C2008292C7 /* util */,
				B422902A1DDD0FD5008292C7 /* assets */,
				B42290281DDCE53D008292C7 /* view */,
				B42290271DDCE50F008292C7 /* controller */,
				B42290261DDCE505008292C7 /* model */,
				B418D6881EE63C88001352D4 /* AppDelegate.swift */,
				B418D6891EE63C88001352D4 /* ViewController.swift */,
				B418D6A41EE6449B001352D4 /* Assets.xcassets */,
				B418D6A11EE64477001352D4 /* Main.storyboard */,
				B418D68C1EE63C9C001352D4 /* IBMFlightTracker-Bridging-Header.h */,
				B418D68D1EE63C9C001352D4 /* Info.plist */,
			);
			name = "ARFlightTracker-iOS-Swift";
			path = IBMFlightTracker;
			sourceTree = SOURCE_ROOT;
		};
		B42290051DDA7C8E008292C7 /* ARFlightTracker-iOS-SwiftTests */ = {
			isa = PBXGroup;
			children = (
			);
			name = "ARFlightTracker-iOS-SwiftTests";
			path = IBMFlightTrackerTests;
			sourceTree = "<group>";
		};
		B42290101DDA7C8E008292C7 /* ARFlightTracker-iOS-SwiftUITests */ = {
			isa = PBXGroup;
			children = (
			);
			name = "ARFlightTracker-iOS-SwiftUITests";
			path = IBMFlightTrackerUITests;
			sourceTree = "<group>";
		};
		B42290261DDCE505008292C7 /* model */ = {
			isa = PBXGroup;
			children = (
				B418D6801EE63C67001352D4 /* ARFlightAnnotation.swift */,
				B418D6811EE63C67001352D4 /* FlightAnnotation.swift */,
				B418D6821EE63C67001352D4 /* FlightInfo.swift */,
				B418D6831EE63C67001352D4 /* TestFlights.json */,
			);
			name = model;
			sourceTree = "<group>";
		};
		B42290271DDCE50F008292C7 /* controller */ = {
			isa = PBXGroup;
			children = (
				B418D6781EE63C2E001352D4 /* ARFlightViewController_v1.swift */,
				B418D6791EE63C2E001352D4 /* ARFlightViewController.swift */,
				B418D67A1EE63C2E001352D4 /* ARTrackingManager.swift */,
				B418D67B1EE63C2E001352D4 /* FlightMapViewController.swift */,
			);
			name = controller;
			sourceTree = "<group>";
		};
		B42290281DDCE53D008292C7 /* view */ = {
			isa = PBXGroup;
			children = (
				B418D6931EE64217001352D4 /* ARAnnotation.swift */,
				B418D6941EE64217001352D4 /* ARAnnotationView.swift */,
				B418D66F1EE63BF9001352D4 /* ARFlightAnnotationCustom.swift */,
				B418D6701EE63BF9001352D4 /* ARFlightAnnotationView.swift */,
				B418D6711EE63BF9001352D4 /* FlightBubble.swift */,
				B418D6721EE63BF9001352D4 /* MarkerView.h */,
				B418D6731EE63BF9001352D4 /* MarkerView.m */,
			);
			name = view;
			sourceTree = "<group>";
		};
		B422902A1DDD0FD5008292C7 /* assets */ = {
			isa = PBXGroup;
			children = (
				B418D6651EE63BC1001352D4 /* box.png */,
				B418D6661EE63BC1001352D4 /* bubble.png */,
				B418D6671EE63BC1001352D4 /* plane.png */,
				B418D6681EE63BC1001352D4 /* radar_dot.png */,
				B418D6691EE63BC1001352D4 /* radar.png */,
				B418D6911EE63E5F001352D4 /* close.png */,
				B418D68F1EE63D7E001352D4 /* compass.png */,
			);
			name = assets;
			sourceTree = "<group>";
		};
		B42290331DDE53C2008292C7 /* util */ = {
			isa = PBXGroup;
			children = (
				B4C0E4241E8472FD002583D4 /* RestCall.swift */,
				B418D6611EE63B58001352D4 /* ARViewHelper.swift */,
				B418D6621EE63B58001352D4 /* MQTTConnection.swift */,
			);
			name = util;
			sourceTree = "<group>";
		};
		B45FBB071DE65DC300DF2708 /* callout */ = {
			isa = PBXGroup;
			children = (
				B418D6971EE642E4001352D4 /* FlightBubbleV1.swift */,
				B418D6981EE642E4001352D4 /* FlightBubbleV1.xib */,
				B418D65D1EE63B2F001352D4 /* FlightCalloutView.swift */,
				B418D65E1EE63B2F001352D4 /* FlightCalloutView.xib */,
			);
			name = callout;
			sourceTree = "<group>";
		};
		B46C661A1DF6005300D3FD12 /* config */ = {
			isa = PBXGroup;
			children = (
				B418D65B1EE63B10001352D4 /* ARFlightConfiguration.swift */,
			);
			name = config;
			sourceTree = "<group>";
		};
		C058C9C65A06B3F7A4E4B393 /* Frameworks */ = {
			isa = PBXGroup;
			children = (
				B455F5DC1DDE7FC0007EFF11 /* XCTest.framework */,
				B455F5D91DDE7F08007EFF11 /* Security.framework */,
				1EA87F3DA9726EF910F054E8 /* Pods_ARFlightTracker_iOS_Swift.framework */,
				C8BA9B4CC212ACF42FC0C016 /* Pods_ARFlightTracker_iOS_SwiftTests.framework */,
				38FA5E4EB98C1988E9A0EABA /* Pods_ARFlightTracker_iOS_SwiftUITests.framework */,
			);
			name = Frameworks;
			sourceTree = "<group>";
		};
/* End PBXGroup section */

/* Begin PBXNativeTarget section */
		B4228FED1DDA7C8E008292C7 /* ARFlightTracker-iOS-Swift */ = {
			isa = PBXNativeTarget;
			buildConfigurationList = B42290161DDA7C8E008292C7 /* Build configuration list for PBXNativeTarget "ARFlightTracker-iOS-Swift" */;
			buildPhases = (
				62D445E6DB16FA820A960308 /* [CP] Check Pods Manifest.lock */,
				B4228FEA1DDA7C8E008292C7 /* Sources */,
				B4228FEB1DDA7C8E008292C7 /* Frameworks */,
				B4228FEC1DDA7C8E008292C7 /* Resources */,
				4CB93D9FFD33E95176CD4061 /* [CP] Embed Pods Frameworks */,
				AD47DA53FAEE61BC05AB0095 /* [CP] Copy Pods Resources */,
			);
			buildRules = (
			);
			dependencies = (
			);
			name = "ARFlightTracker-iOS-Swift";
			productName = IBMFlightTracker;
			productReference = B4228FEE1DDA7C8E008292C7 /* ARFlightTracker-iOS-Swift.app */;
			productType = "com.apple.product-type.application";
		};
		B42290011DDA7C8E008292C7 /* ARFlightTracker-iOS-SwiftTests */ = {
			isa = PBXNativeTarget;
			buildConfigurationList = B42290191DDA7C8E008292C7 /* Build configuration list for PBXNativeTarget "ARFlightTracker-iOS-SwiftTests" */;
			buildPhases = (
				D413DC5A2DE44B0AA38B7F58 /* [CP] Check Pods Manifest.lock */,
				B4228FFE1DDA7C8E008292C7 /* Sources */,
				B4228FFF1DDA7C8E008292C7 /* Frameworks */,
				B42290001DDA7C8E008292C7 /* Resources */,
				CB1E661EF3D7449811FF57F2 /* [CP] Embed Pods Frameworks */,
				064940A9544C4F942D73E00D /* [CP] Copy Pods Resources */,
			);
			buildRules = (
			);
			dependencies = (
				B42290041DDA7C8E008292C7 /* PBXTargetDependency */,
			);
			name = "ARFlightTracker-iOS-SwiftTests";
			productName = IBMFlightTrackerTests;
			productReference = B42290021DDA7C8E008292C7 /* ARFlightTracker-iOS-SwiftTests.xctest */;
			productType = "com.apple.product-type.bundle.unit-test";
		};
		B422900C1DDA7C8E008292C7 /* ARFlightTracker-iOS-SwiftUITests */ = {
			isa = PBXNativeTarget;
			buildConfigurationList = B422901C1DDA7C8E008292C7 /* Build configuration list for PBXNativeTarget "ARFlightTracker-iOS-SwiftUITests" */;
			buildPhases = (
				D2B081B1089D262B7857A95D /* [CP] Check Pods Manifest.lock */,
				B42290091DDA7C8E008292C7 /* Sources */,
				B422900A1DDA7C8E008292C7 /* Frameworks */,
				B422900B1DDA7C8E008292C7 /* Resources */,
				E086995908061EDE2A7CAB0B /* [CP] Embed Pods Frameworks */,
				93C5CB46D0382E58A9FCE294 /* [CP] Copy Pods Resources */,
			);
			buildRules = (
			);
			dependencies = (
				B422900F1DDA7C8E008292C7 /* PBXTargetDependency */,
			);
			name = "ARFlightTracker-iOS-SwiftUITests";
			productName = IBMFlightTrackerUITests;
			productReference = B422900D1DDA7C8E008292C7 /* ARFlightTracker-iOS-SwiftUITests.xctest */;
			productType = "com.apple.product-type.bundle.ui-testing";
		};
/* End PBXNativeTarget section */

/* Begin PBXProject section */
		B4228FE61DDA7C8E008292C7 /* Project object */ = {
			isa = PBXProject;
			attributes = {
				LastSwiftUpdateCheck = 0810;
				LastUpgradeCheck = 0810;
				ORGANIZATIONNAME = "Sanjeev Ghimire";
				TargetAttributes = {
					B4228FED1DDA7C8E008292C7 = {
						CreatedOnToolsVersion = 8.1;
						DevelopmentTeam = 8T393AQ955;
						ProvisioningStyle = Automatic;
					};
					B42290011DDA7C8E008292C7 = {
						CreatedOnToolsVersion = 8.1;
						ProvisioningStyle = Automatic;
						TestTargetID = B4228FED1DDA7C8E008292C7;
					};
					B422900C1DDA7C8E008292C7 = {
						CreatedOnToolsVersion = 8.1;
						ProvisioningStyle = Automatic;
						TestTargetID = B4228FED1DDA7C8E008292C7;
					};
				};
			};
			buildConfigurationList = B4228FE91DDA7C8E008292C7 /* Build configuration list for PBXProject "ARFlightTracker-iOS-Swift" */;
			compatibilityVersion = "Xcode 3.2";
			developmentRegion = English;
			hasScannedForEncodings = 0;
			knownRegions = (
				en,
				Base,
			);
			mainGroup = B4228FE51DDA7C8E008292C7;
			productRefGroup = B4228FEF1DDA7C8E008292C7 /* Products */;
			projectDirPath = "";
			projectRoot = "";
			targets = (
				B4228FED1DDA7C8E008292C7 /* ARFlightTracker-iOS-Swift */,
				B42290011DDA7C8E008292C7 /* ARFlightTracker-iOS-SwiftTests */,
				B422900C1DDA7C8E008292C7 /* ARFlightTracker-iOS-SwiftUITests */,
			);
		};
/* End PBXProject section */

/* Begin PBXResourcesBuildPhase section */
		B4228FEC1DDA7C8E008292C7 /* Resources */ = {
			isa = PBXResourcesBuildPhase;
			buildActionMask = 2147483647;
			files = (
				B418D66C1EE63BC1001352D4 /* plane.png in Resources */,
				B418D66B1EE63BC1001352D4 /* bubble.png in Resources */,
				B418D66A1EE63BC1001352D4 /* box.png in Resources */,
				B418D69A1EE642E4001352D4 /* FlightBubbleV1.xib in Resources */,
				B418D6901EE63D7E001352D4 /* compass.png in Resources */,
				B418D6871EE63C67001352D4 /* TestFlights.json in Resources */,
				B418D6A51EE6449B001352D4 /* Assets.xcassets in Resources */,
				B418D6921EE63E5F001352D4 /* close.png in Resources */,
				B418D6A31EE64477001352D4 /* Main.storyboard in Resources */,
				B418D6601EE63B2F001352D4 /* FlightCalloutView.xib in Resources */,
				B418D66D1EE63BC1001352D4 /* radar_dot.png in Resources */,
				B418D68E1EE63C9C001352D4 /* Info.plist in Resources */,
				B418D66E1EE63BC1001352D4 /* radar.png in Resources */,
			);
			runOnlyForDeploymentPostprocessing = 0;
		};
		B42290001DDA7C8E008292C7 /* Resources */ = {
			isa = PBXResourcesBuildPhase;
			buildActionMask = 2147483647;
			files = (
			);
			runOnlyForDeploymentPostprocessing = 0;
		};
		B422900B1DDA7C8E008292C7 /* Resources */ = {
			isa = PBXResourcesBuildPhase;
			buildActionMask = 2147483647;
			files = (
			);
			runOnlyForDeploymentPostprocessing = 0;
		};
/* End PBXResourcesBuildPhase section */

/* Begin PBXShellScriptBuildPhase section */
		064940A9544C4F942D73E00D /* [CP] Copy Pods Resources */ = {
			isa = PBXShellScriptBuildPhase;
			buildActionMask = 2147483647;
			files = (
			);
			inputPaths = (
			);
			name = "[CP] Copy Pods Resources";
			outputPaths = (
			);
			runOnlyForDeploymentPostprocessing = 0;
			shellPath = /bin/sh;
			shellScript = "\"${SRCROOT}/Pods/Target Support Files/Pods-ARFlightTracker-iOS-SwiftTests/Pods-ARFlightTracker-iOS-SwiftTests-resources.sh\"\n";
			showEnvVarsInLog = 0;
		};
		4CB93D9FFD33E95176CD4061 /* [CP] Embed Pods Frameworks */ = {
			isa = PBXShellScriptBuildPhase;
			buildActionMask = 2147483647;
			files = (
			);
			inputPaths = (
			);
			name = "[CP] Embed Pods Frameworks";
			outputPaths = (
			);
			runOnlyForDeploymentPostprocessing = 0;
			shellPath = /bin/sh;
			shellScript = "\"${SRCROOT}/Pods/Target Support Files/Pods-ARFlightTracker-iOS-Swift/Pods-ARFlightTracker-iOS-Swift-frameworks.sh\"\n";
			showEnvVarsInLog = 0;
		};
		62D445E6DB16FA820A960308 /* [CP] Check Pods Manifest.lock */ = {
			isa = PBXShellScriptBuildPhase;
			buildActionMask = 2147483647;
			files = (
			);
			inputPaths = (
			);
			name = "[CP] Check Pods Manifest.lock";
			outputPaths = (
			);
			runOnlyForDeploymentPostprocessing = 0;
			shellPath = /bin/sh;
			shellScript = "diff \"${PODS_ROOT}/../Podfile.lock\" \"${PODS_ROOT}/Manifest.lock\" > /dev/null\nif [ $? != 0 ] ; then\n    # print error to STDERR\n    echo \"error: The sandbox is not in sync with the Podfile.lock. Run 'pod install' or update your CocoaPods installation.\" >&2\n    exit 1\nfi\n";
			showEnvVarsInLog = 0;
		};
		93C5CB46D0382E58A9FCE294 /* [CP] Copy Pods Resources */ = {
			isa = PBXShellScriptBuildPhase;
			buildActionMask = 2147483647;
			files = (
			);
			inputPaths = (
			);
			name = "[CP] Copy Pods Resources";
			outputPaths = (
			);
			runOnlyForDeploymentPostprocessing = 0;
			shellPath = /bin/sh;
			shellScript = "\"${SRCROOT}/Pods/Target Support Files/Pods-ARFlightTracker-iOS-SwiftUITests/Pods-ARFlightTracker-iOS-SwiftUITests-resources.sh\"\n";
			showEnvVarsInLog = 0;
		};
		AD47DA53FAEE61BC05AB0095 /* [CP] Copy Pods Resources */ = {
			isa = PBXShellScriptBuildPhase;
			buildActionMask = 2147483647;
			files = (
			);
			inputPaths = (
			);
			name = "[CP] Copy Pods Resources";
			outputPaths = (
			);
			runOnlyForDeploymentPostprocessing = 0;
			shellPath = /bin/sh;
			shellScript = "\"${SRCROOT}/Pods/Target Support Files/Pods-ARFlightTracker-iOS-Swift/Pods-ARFlightTracker-iOS-Swift-resources.sh\"\n";
			showEnvVarsInLog = 0;
		};
		CB1E661EF3D7449811FF57F2 /* [CP] Embed Pods Frameworks */ = {
			isa = PBXShellScriptBuildPhase;
			buildActionMask = 2147483647;
			files = (
			);
			inputPaths = (
			);
			name = "[CP] Embed Pods Frameworks";
			outputPaths = (
			);
			runOnlyForDeploymentPostprocessing = 0;
			shellPath = /bin/sh;
			shellScript = "\"${SRCROOT}/Pods/Target Support Files/Pods-ARFlightTracker-iOS-SwiftTests/Pods-ARFlightTracker-iOS-SwiftTests-frameworks.sh\"\n";
			showEnvVarsInLog = 0;
		};
		D2B081B1089D262B7857A95D /* [CP] Check Pods Manifest.lock */ = {
			isa = PBXShellScriptBuildPhase;
			buildActionMask = 2147483647;
			files = (
			);
			inputPaths = (
			);
			name = "[CP] Check Pods Manifest.lock";
			outputPaths = (
			);
			runOnlyForDeploymentPostprocessing = 0;
			shellPath = /bin/sh;
			shellScript = "diff \"${PODS_ROOT}/../Podfile.lock\" \"${PODS_ROOT}/Manifest.lock\" > /dev/null\nif [ $? != 0 ] ; then\n    # print error to STDERR\n    echo \"error: The sandbox is not in sync with the Podfile.lock. Run 'pod install' or update your CocoaPods installation.\" >&2\n    exit 1\nfi\n";
			showEnvVarsInLog = 0;
		};
		D413DC5A2DE44B0AA38B7F58 /* [CP] Check Pods Manifest.lock */ = {
			isa = PBXShellScriptBuildPhase;
			buildActionMask = 2147483647;
			files = (
			);
			inputPaths = (
			);
			name = "[CP] Check Pods Manifest.lock";
			outputPaths = (
			);
			runOnlyForDeploymentPostprocessing = 0;
			shellPath = /bin/sh;
			shellScript = "diff \"${PODS_ROOT}/../Podfile.lock\" \"${PODS_ROOT}/Manifest.lock\" > /dev/null\nif [ $? != 0 ] ; then\n    # print error to STDERR\n    echo \"error: The sandbox is not in sync with the Podfile.lock. Run 'pod install' or update your CocoaPods installation.\" >&2\n    exit 1\nfi\n";
			showEnvVarsInLog = 0;
		};
		E086995908061EDE2A7CAB0B /* [CP] Embed Pods Frameworks */ = {
			isa = PBXShellScriptBuildPhase;
			buildActionMask = 2147483647;
			files = (
			);
			inputPaths = (
			);
			name = "[CP] Embed Pods Frameworks";
			outputPaths = (
			);
			runOnlyForDeploymentPostprocessing = 0;
			shellPath = /bin/sh;
			shellScript = "\"${SRCROOT}/Pods/Target Support Files/Pods-ARFlightTracker-iOS-SwiftUITests/Pods-ARFlightTracker-iOS-SwiftUITests-frameworks.sh\"\n";
			showEnvVarsInLog = 0;
		};
/* End PBXShellScriptBuildPhase section */

/* Begin PBXSourcesBuildPhase section */
		B4228FEA1DDA7C8E008292C7 /* Sources */ = {
			isa = PBXSourcesBuildPhase;
			buildActionMask = 2147483647;
			files = (
				B418D65A1EE63ADE001352D4 /* RadarView.m in Sources */,
				B418D6851EE63C67001352D4 /* FlightAnnotation.swift in Sources */,
				B418D6581EE63ADE001352D4 /* ARGeoCoordinate.m in Sources */,
				B418D6951EE64217001352D4 /* ARAnnotation.swift in Sources */,
				B418D65C1EE63B10001352D4 /* ARFlightConfiguration.swift in Sources */,
				B418D65F1EE63B2F001352D4 /* FlightCalloutView.swift in Sources */,
				B418D6741EE63BF9001352D4 /* ARFlightAnnotationCustom.swift in Sources */,
				B418D68B1EE63C88001352D4 /* ViewController.swift in Sources */,
				B418D6761EE63BF9001352D4 /* FlightBubble.swift in Sources */,
				B418D6561EE63ADE001352D4 /* ARKitEngine.m in Sources */,
				B418D6571EE63ADE001352D4 /* LocalizationHelper.m in Sources */,
				B418D6631EE63B58001352D4 /* ARViewHelper.swift in Sources */,
				B418D67F1EE63C2E001352D4 /* FlightMapViewController.swift in Sources */,
				B418D67C1EE63C2E001352D4 /* ARFlightViewController_v1.swift in Sources */,
				B418D6641EE63B58001352D4 /* MQTTConnection.swift in Sources */,
				B418D6551EE63ADE001352D4 /* ARKitConfig.m in Sources */,
				B418D6841EE63C67001352D4 /* ARFlightAnnotation.swift in Sources */,
				B418D67E1EE63C2E001352D4 /* ARTrackingManager.swift in Sources */,
				B4C0E4251E8472FD002583D4 /* RestCall.swift in Sources */,
				B418D6751EE63BF9001352D4 /* ARFlightAnnotationView.swift in Sources */,
				B418D6771EE63BF9001352D4 /* MarkerView.m in Sources */,
				B418D6861EE63C67001352D4 /* FlightInfo.swift in Sources */,
				B418D6961EE64217001352D4 /* ARAnnotationView.swift in Sources */,
				B418D67D1EE63C2E001352D4 /* ARFlightViewController.swift in Sources */,
				B418D6991EE642E4001352D4 /* FlightBubbleV1.swift in Sources */,
				B418D6591EE63ADE001352D4 /* ARObjectView.m in Sources */,
				B418D68A1EE63C88001352D4 /* AppDelegate.swift in Sources */,
			);
			runOnlyForDeploymentPostprocessing = 0;
		};
		B4228FFE1DDA7C8E008292C7 /* Sources */ = {
			isa = PBXSourcesBuildPhase;
			buildActionMask = 2147483647;
			files = (
			);
			runOnlyForDeploymentPostprocessing = 0;
		};
		B42290091DDA7C8E008292C7 /* Sources */ = {
			isa = PBXSourcesBuildPhase;
			buildActionMask = 2147483647;
			files = (
			);
			runOnlyForDeploymentPostprocessing = 0;
		};
/* End PBXSourcesBuildPhase section */

/* Begin PBXTargetDependency section */
		B42290041DDA7C8E008292C7 /* PBXTargetDependency */ = {
			isa = PBXTargetDependency;
			target = B4228FED1DDA7C8E008292C7 /* ARFlightTracker-iOS-Swift */;
			targetProxy = B42290031DDA7C8E008292C7 /* PBXContainerItemProxy */;
		};
		B422900F1DDA7C8E008292C7 /* PBXTargetDependency */ = {
			isa = PBXTargetDependency;
			target = B4228FED1DDA7C8E008292C7 /* ARFlightTracker-iOS-Swift */;
			targetProxy = B422900E1DDA7C8E008292C7 /* PBXContainerItemProxy */;
		};
/* End PBXTargetDependency section */

/* Begin PBXVariantGroup section */
		B418D6A11EE64477001352D4 /* Main.storyboard */ = {
			isa = PBXVariantGroup;
			children = (
				B418D6A21EE64477001352D4 /* Base */,
			);
			name = Main.storyboard;
			sourceTree = "<group>";
		};
/* End PBXVariantGroup section */

/* Begin XCBuildConfiguration section */
		B42290141DDA7C8E008292C7 /* Debug */ = {
			isa = XCBuildConfiguration;
			buildSettings = {
				ALWAYS_SEARCH_USER_PATHS = NO;
				CLANG_ANALYZER_NONNULL = YES;
				CLANG_CXX_LANGUAGE_STANDARD = "gnu++0x";
				CLANG_CXX_LIBRARY = "libc++";
				CLANG_ENABLE_MODULES = YES;
				CLANG_ENABLE_OBJC_ARC = YES;
				CLANG_WARN_BOOL_CONVERSION = YES;
				CLANG_WARN_CONSTANT_CONVERSION = YES;
				CLANG_WARN_DIRECT_OBJC_ISA_USAGE = YES_ERROR;
				CLANG_WARN_DOCUMENTATION_COMMENTS = YES;
				CLANG_WARN_EMPTY_BODY = YES;
				CLANG_WARN_ENUM_CONVERSION = YES;
				CLANG_WARN_INFINITE_RECURSION = YES;
				CLANG_WARN_INT_CONVERSION = YES;
				CLANG_WARN_OBJC_ROOT_CLASS = YES_ERROR;
				CLANG_WARN_SUSPICIOUS_MOVES = YES;
				CLANG_WARN_UNREACHABLE_CODE = YES;
				CLANG_WARN__DUPLICATE_METHOD_MATCH = YES;
				"CODE_SIGN_IDENTITY[sdk=iphoneos*]" = "iPhone Developer";
				COPY_PHASE_STRIP = NO;
				DEBUG_INFORMATION_FORMAT = dwarf;
				ENABLE_STRICT_OBJC_MSGSEND = YES;
				ENABLE_TESTABILITY = YES;
				GCC_C_LANGUAGE_STANDARD = gnu99;
				GCC_DYNAMIC_NO_PIC = NO;
				GCC_NO_COMMON_BLOCKS = YES;
				GCC_OPTIMIZATION_LEVEL = 0;
				GCC_PREPROCESSOR_DEFINITIONS = (
					"DEBUG=1",
					"$(inherited)",
				);
				GCC_WARN_64_TO_32_BIT_CONVERSION = YES;
				GCC_WARN_ABOUT_RETURN_TYPE = YES_ERROR;
				GCC_WARN_UNDECLARED_SELECTOR = YES;
				GCC_WARN_UNINITIALIZED_AUTOS = YES_AGGRESSIVE;
				GCC_WARN_UNUSED_FUNCTION = YES;
				GCC_WARN_UNUSED_VARIABLE = YES;
				IPHONEOS_DEPLOYMENT_TARGET = 10.2;
				MTL_ENABLE_DEBUG_INFO = YES;
				ONLY_ACTIVE_ARCH = YES;
				SDKROOT = iphoneos;
				SWIFT_ACTIVE_COMPILATION_CONDITIONS = DEBUG;
				SWIFT_OBJC_BRIDGING_HEADER = "$(SRCROOT)/IBMFlightTracker/IBMFlightTracker-Bridging-Header.h";
				SWIFT_OPTIMIZATION_LEVEL = "-Onone";
				TARGETED_DEVICE_FAMILY = "1,2";
			};
			name = Debug;
		};
		B42290151DDA7C8E008292C7 /* Release */ = {
			isa = XCBuildConfiguration;
			buildSettings = {
				ALWAYS_SEARCH_USER_PATHS = NO;
				CLANG_ANALYZER_NONNULL = YES;
				CLANG_CXX_LANGUAGE_STANDARD = "gnu++0x";
				CLANG_CXX_LIBRARY = "libc++";
				CLANG_ENABLE_MODULES = YES;
				CLANG_ENABLE_OBJC_ARC = YES;
				CLANG_WARN_BOOL_CONVERSION = YES;
				CLANG_WARN_CONSTANT_CONVERSION = YES;
				CLANG_WARN_DIRECT_OBJC_ISA_USAGE = YES_ERROR;
				CLANG_WARN_DOCUMENTATION_COMMENTS = YES;
				CLANG_WARN_EMPTY_BODY = YES;
				CLANG_WARN_ENUM_CONVERSION = YES;
				CLANG_WARN_INFINITE_RECURSION = YES;
				CLANG_WARN_INT_CONVERSION = YES;
				CLANG_WARN_OBJC_ROOT_CLASS = YES_ERROR;
				CLANG_WARN_SUSPICIOUS_MOVES = YES;
				CLANG_WARN_UNREACHABLE_CODE = YES;
				CLANG_WARN__DUPLICATE_METHOD_MATCH = YES;
				"CODE_SIGN_IDENTITY[sdk=iphoneos*]" = "iPhone Developer";
				COPY_PHASE_STRIP = NO;
				DEBUG_INFORMATION_FORMAT = "dwarf-with-dsym";
				ENABLE_NS_ASSERTIONS = NO;
				ENABLE_STRICT_OBJC_MSGSEND = YES;
				GCC_C_LANGUAGE_STANDARD = gnu99;
				GCC_NO_COMMON_BLOCKS = YES;
				GCC_WARN_64_TO_32_BIT_CONVERSION = YES;
				GCC_WARN_ABOUT_RETURN_TYPE = YES_ERROR;
				GCC_WARN_UNDECLARED_SELECTOR = YES;
				GCC_WARN_UNINITIALIZED_AUTOS = YES_AGGRESSIVE;
				GCC_WARN_UNUSED_FUNCTION = YES;
				GCC_WARN_UNUSED_VARIABLE = YES;
				IPHONEOS_DEPLOYMENT_TARGET = 10.2;
				MTL_ENABLE_DEBUG_INFO = NO;
				SDKROOT = iphoneos;
				SWIFT_OBJC_BRIDGING_HEADER = "$(SRCROOT)/IBMFlightTracker/IBMFlightTracker-Bridging-Header.h";
				SWIFT_OPTIMIZATION_LEVEL = "-Owholemodule";
				TARGETED_DEVICE_FAMILY = "1,2";
				VALIDATE_PRODUCT = YES;
			};
			name = Release;
		};
		B42290171DDA7C8E008292C7 /* Debug */ = {
			isa = XCBuildConfiguration;
			baseConfigurationReference = 160F276DA18D45FFD5B499A6 /* Pods-ARFlightTracker-iOS-Swift.debug.xcconfig */;
			buildSettings = {
				ALWAYS_EMBED_SWIFT_STANDARD_LIBRARIES = "$(inherited)";
				ASSETCATALOG_COMPILER_APPICON_NAME = "AppIcon-3";
				CODE_SIGN_IDENTITY = "";
				"CODE_SIGN_IDENTITY[sdk=iphoneos*]" = "iPhone Developer";
				DEVELOPMENT_TEAM = 8T393AQ955;
				EMBEDDED_CONTENT_CONTAINS_SWIFT = "$(inherited)";
				HEADER_SEARCH_PATHS = "";
				INFOPLIST_FILE = "$(SRCROOT)/ARFlightTracker-iOS-Swift/Info.plist";
				IPHONEOS_DEPLOYMENT_TARGET = 10.2;
				LD_RUNPATH_SEARCH_PATHS = "$(inherited) @executable_path/Frameworks";
				PRODUCT_BUNDLE_IDENTIFIER = com.ibm.IBMFlightTracker;
				PRODUCT_NAME = "$(TARGET_NAME)";
				SWIFT_OBJC_BRIDGING_HEADER = "$(SRCROOT)/ARFlightTracker-iOS-Swift/IBMFlightTracker-Bridging-Header.h";
				SWIFT_VERSION = 3.0;
			};
			name = Debug;
		};
		B42290181DDA7C8E008292C7 /* Release */ = {
			isa = XCBuildConfiguration;
			baseConfigurationReference = 1A33554B0AB1B8EA986C9300 /* Pods-ARFlightTracker-iOS-Swift.release.xcconfig */;
			buildSettings = {
				ALWAYS_EMBED_SWIFT_STANDARD_LIBRARIES = "$(inherited)";
				ASSETCATALOG_COMPILER_APPICON_NAME = "AppIcon-3";
				CODE_SIGN_IDENTITY = "";
				"CODE_SIGN_IDENTITY[sdk=iphoneos*]" = "iPhone Developer";
				DEVELOPMENT_TEAM = 8T393AQ955;
				EMBEDDED_CONTENT_CONTAINS_SWIFT = "$(inherited)";
				HEADER_SEARCH_PATHS = "";
				INFOPLIST_FILE = "$(SRCROOT)/ARFlightTracker-iOS-Swift/Info.plist";
				IPHONEOS_DEPLOYMENT_TARGET = 10.2;
				LD_RUNPATH_SEARCH_PATHS = "$(inherited) @executable_path/Frameworks";
				PRODUCT_BUNDLE_IDENTIFIER = com.ibm.IBMFlightTracker;
				PRODUCT_NAME = "$(TARGET_NAME)";
				SWIFT_OBJC_BRIDGING_HEADER = "$(SRCROOT)/ARFlightTracker-iOS-Swift/IBMFlightTracker-Bridging-Header.h";
				SWIFT_VERSION = 3.0;
			};
			name = Release;
		};
		B422901A1DDA7C8E008292C7 /* Debug */ = {
			isa = XCBuildConfiguration;
			baseConfigurationReference = 5928EBD77E1311FECC44E73B /* Pods-ARFlightTracker-iOS-SwiftTests.debug.xcconfig */;
			buildSettings = {
				ALWAYS_EMBED_SWIFT_STANDARD_LIBRARIES = YES;
				BUNDLE_LOADER = "$(TEST_HOST)";
				INFOPLIST_FILE = IBMFlightTrackerTests/Info.plist;
				LD_RUNPATH_SEARCH_PATHS = "$(inherited) @executable_path/Frameworks @loader_path/Frameworks";
				PRODUCT_BUNDLE_IDENTIFIER = ibm.IBMFlightTrackerTests;
				PRODUCT_NAME = "$(TARGET_NAME)";
				SWIFT_VERSION = 3.0;
				TEST_HOST = "$(BUILT_PRODUCTS_DIR)/ARFlightTracker-iOS-Swift.app/ARFlightTracker-iOS-Swift";
			};
			name = Debug;
		};
		B422901B1DDA7C8E008292C7 /* Release */ = {
			isa = XCBuildConfiguration;
			baseConfigurationReference = 0B8A71EF84D30DCB51FEEF5F /* Pods-ARFlightTracker-iOS-SwiftTests.release.xcconfig */;
			buildSettings = {
				ALWAYS_EMBED_SWIFT_STANDARD_LIBRARIES = YES;
				BUNDLE_LOADER = "$(TEST_HOST)";
				INFOPLIST_FILE = IBMFlightTrackerTests/Info.plist;
				LD_RUNPATH_SEARCH_PATHS = "$(inherited) @executable_path/Frameworks @loader_path/Frameworks";
				PRODUCT_BUNDLE_IDENTIFIER = ibm.IBMFlightTrackerTests;
				PRODUCT_NAME = "$(TARGET_NAME)";
				SWIFT_VERSION = 3.0;
				TEST_HOST = "$(BUILT_PRODUCTS_DIR)/ARFlightTracker-iOS-Swift.app/ARFlightTracker-iOS-Swift";
			};
			name = Release;
		};
		B422901D1DDA7C8E008292C7 /* Debug */ = {
			isa = XCBuildConfiguration;
			baseConfigurationReference = CCB76407CA4294F98F54CA45 /* Pods-ARFlightTracker-iOS-SwiftUITests.debug.xcconfig */;
			buildSettings = {
				ALWAYS_EMBED_SWIFT_STANDARD_LIBRARIES = YES;
				"CODE_SIGN_IDENTITY[sdk=iphoneos*]" = "iPhone Developer";
				DEVELOPMENT_TEAM = "";
				INFOPLIST_FILE = IBMFlightTrackerUITests/Info.plist;
				LD_RUNPATH_SEARCH_PATHS = "$(inherited) @executable_path/Frameworks @loader_path/Frameworks";
				PRODUCT_BUNDLE_IDENTIFIER = ibm.IBMFlightTrackerUITests;
				PRODUCT_NAME = "$(TARGET_NAME)";
				SWIFT_VERSION = 3.0;
				TEST_TARGET_NAME = IBMFlightTracker;
			};
			name = Debug;
		};
		B422901E1DDA7C8E008292C7 /* Release */ = {
			isa = XCBuildConfiguration;
			baseConfigurationReference = E8EE58532D03584EA8F2CAE4 /* Pods-ARFlightTracker-iOS-SwiftUITests.release.xcconfig */;
			buildSettings = {
				ALWAYS_EMBED_SWIFT_STANDARD_LIBRARIES = YES;
				"CODE_SIGN_IDENTITY[sdk=iphoneos*]" = "iPhone Developer";
				DEVELOPMENT_TEAM = "";
				INFOPLIST_FILE = IBMFlightTrackerUITests/Info.plist;
				LD_RUNPATH_SEARCH_PATHS = "$(inherited) @executable_path/Frameworks @loader_path/Frameworks";
				PRODUCT_BUNDLE_IDENTIFIER = ibm.IBMFlightTrackerUITests;
				PRODUCT_NAME = "$(TARGET_NAME)";
				SWIFT_VERSION = 3.0;
				TEST_TARGET_NAME = IBMFlightTracker;
			};
			name = Release;
		};
/* End XCBuildConfiguration section */

/* Begin XCConfigurationList section */
		B4228FE91DDA7C8E008292C7 /* Build configuration list for PBXProject "ARFlightTracker-iOS-Swift" */ = {
			isa = XCConfigurationList;
			buildConfigurations = (
				B42290141DDA7C8E008292C7 /* Debug */,
				B42290151DDA7C8E008292C7 /* Release */,
			);
			defaultConfigurationIsVisible = 0;
			defaultConfigurationName = Release;
		};
		B42290161DDA7C8E008292C7 /* Build configuration list for PBXNativeTarget "ARFlightTracker-iOS-Swift" */ = {
			isa = XCConfigurationList;
			buildConfigurations = (
				B42290171DDA7C8E008292C7 /* Debug */,
				B42290181DDA7C8E008292C7 /* Release */,
			);
			defaultConfigurationIsVisible = 0;
			defaultConfigurationName = Release;
		};
		B42290191DDA7C8E008292C7 /* Build configuration list for PBXNativeTarget "ARFlightTracker-iOS-SwiftTests" */ = {
			isa = XCConfigurationList;
			buildConfigurations = (
				B422901A1DDA7C8E008292C7 /* Debug */,
				B422901B1DDA7C8E008292C7 /* Release */,
			);
			defaultConfigurationIsVisible = 0;
			defaultConfigurationName = Release;
		};
		B422901C1DDA7C8E008292C7 /* Build configuration list for PBXNativeTarget "ARFlightTracker-iOS-SwiftUITests" */ = {
			isa = XCConfigurationList;
			buildConfigurations = (
				B422901D1DDA7C8E008292C7 /* Debug */,
				B422901E1DDA7C8E008292C7 /* Release */,
			);
			defaultConfigurationIsVisible = 0;
			defaultConfigurationName = Release;
		};
/* End XCConfigurationList section */
	};
	rootObject = B4228FE61DDA7C8E008292C7 /* Project object */;
}
